
Microsoft Visual Studio Solution File, Format Version 12.00
# Visual Studio 2012
Project("{FAE04EC0-301F-11D3-BF4B-00C04F79EFBC}") = "Kiosk", "KioskBrowser\Kiosk.csproj", "{457645FF-3068-4B15-9E85-C2EE4325575F}"
EndProject
Global
	GlobalSection(SolutionConfigurationPlatforms) = preSolution
		CD_ROM|Any CPU = CD_ROM|Any CPU
		CD_ROM|Mixed Platforms = CD_ROM|Mixed Platforms
		CD_ROM|Win32 = CD_ROM|Win32
		Debug|Any CPU = Debug|Any CPU
		Debug|Mixed Platforms = Debug|Mixed Platforms
		Debug|Win32 = Debug|Win32
		DVD-5|Any CPU = DVD-5|Any CPU
		DVD-5|Mixed Platforms = DVD-5|Mixed Platforms
		DVD-5|Win32 = DVD-5|Win32
		Release|Any CPU = Release|Any CPU
		Release|Mixed Platforms = Release|Mixed Platforms
		Release|Win32 = Release|Win32
		SingleImage|Any CPU = SingleImage|Any CPU
		SingleImage|Mixed Platforms = SingleImage|Mixed Platforms
		SingleImage|Win32 = SingleImage|Win32
	EndGlobalSection
	GlobalSection(ProjectConfigurationPlatforms) = postSolution
		{457645FF-3068-4B15-9E85-C2EE4325575F}.CD_ROM|Any CPU.ActiveCfg = Release|Any CPU
		{457645FF-3068-4B15-9E85-C2EE4325575F}.CD_ROM|Any CPU.Build.0 = Release|Any CPU
		{457645FF-3068-4B15-9E85-C2EE4325575F}.CD_ROM|Mixed Platforms.ActiveCfg = Release|Any CPU
		{457645FF-3068-4B15-9E85-C2EE4325575F}.CD_ROM|Mixed Platforms.Build.0 = Release|Any CPU
		{457645FF-3068-4B15-9E85-C2EE4325575F}.CD_ROM|Win32.ActiveCfg = Release|Any CPU
		{457645FF-3068-4B15-9E85-C2EE4325575F}.Debug|Any CPU.ActiveCfg = Debug|Any CPU
		{457645FF-3068-4B15-9E85-C2EE4325575F}.Debug|Any CPU.Build.0 = Debug|Any CPU
		{457645FF-3068-4B15-9E85-C2EE4325575F}.Debug|Mixed Platforms.ActiveCfg = Debug|Any CPU
		{457645FF-3068-4B15-9E85-C2EE4325575F}.Debug|Mixed Platforms.Build.0 = Debug|Any CPU
		{457645FF-3068-4B15-9E85-C2EE4325575F}.Debug|Win32.ActiveCfg = Debug|Any CPU
		{457645FF-3068-4B15-9E85-C2EE4325575F}.DVD-5|Any CPU.ActiveCfg = Debug|Any CPU
		{457645FF-3068-4B15-9E85-C2EE4325575F}.DVD-5|Any CPU.Build.0 = Debug|Any CPU
		{457645FF-3068-4B15-9E85-C2EE4325575F}.DVD-5|Mixed Platforms.ActiveCfg = Debug|Any CPU
		{457645FF-3068-4B15-9E85-C2EE4325575F}.DVD-5|Mixed Platforms.Build.0 = Debug|Any CPU
		{457645FF-3068-4B15-9E85-C2EE4325575F}.DVD-5|Win32.ActiveCfg = Debug|Any CPU
		{457645FF-3068-4B15-9E85-C2EE4325575F}.Release|Any CPU.ActiveCfg = Release|Any CPU
		{457645FF-3068-4B15-9E85-C2EE4325575F}.Release|Any CPU.Build.0 = Release|Any CPU
		{457645FF-3068-4B15-9E85-C2EE4325575F}.Release|Mixed Platforms.ActiveCfg = Release|Any CPU
		{457645FF-3068-4B15-9E85-C2EE4325575F}.Release|Mixed Platforms.Build.0 = Release|Any CPU
		{457645FF-3068-4B15-9E85-C2EE4325575F}.Release|Win32.ActiveCfg = Release|Any CPU
		{457645FF-3068-4B15-9E85-C2EE4325575F}.SingleImage|Any CPU.ActiveCfg = Release|Any CPU
		{457645FF-3068-4B15-9E85-C2EE4325575F}.SingleImage|Any CPU.Build.0 = Release|Any CPU
		{457645FF-3068-4B15-9E85-C2EE4325575F}.SingleImage|Mixed Platforms.ActiveCfg = Release|Any CPU
		{457645FF-3068-4B15-9E85-C2EE4325575F}.SingleImage|Mixed Platforms.Build.0 = Release|Any CPU
		{457645FF-3068-4B15-9E85-C2EE4325575F}.SingleImage|Win32.ActiveCfg = Release|Any CPU
		{E7C13F89-4918-4F4C-9925-369F113FD457}.CD_ROM|Any CPU.ActiveCfg = CD_ROM
		{E7C13F89-4918-4F4C-9925-369F113FD457}.CD_ROM|Any CPU.Build.0 = CD_ROM
		{E7C13F89-4918-4F4C-9925-369F113FD457}.CD_ROM|Mixed Platforms.ActiveCfg = CD_ROM
		{E7C13F89-4918-4F4C-9925-369F113FD457}.CD_ROM|Mixed Platforms.Build.0 = CD_ROM
		{E7C13F89-4918-4F4C-9925-369F113FD457}.CD_ROM|Win32.ActiveCfg = CD_ROM
		{E7C13F89-4918-4F4C-9925-369F113FD457}.CD_ROM|Win32.Build.0 = CD_ROM
		{E7C13F89-4918-4F4C-9925-369F113FD457}.Debug|Any CPU.ActiveCfg = DVD-5
		{E7C13F89-4918-4F4C-9925-369F113FD457}.Debug|Any CPU.Build.0 = DVD-5
		{E7C13F89-4918-4F4C-9925-369F113FD457}.Debug|Mixed Platforms.ActiveCfg = SingleImage
		{E7C13F89-4918-4F4C-9925-369F113FD457}.Debug|Mixed Platforms.Build.0 = SingleImage
		{E7C13F89-4918-4F4C-9925-369F113FD457}.Debug|Win32.ActiveCfg = DVD-5
		{E7C13F89-4918-4F4C-9925-369F113FD457}.Debug|Win32.Build.0 = DVD-5
		{E7C13F89-4918-4F4C-9925-369F113FD457}.DVD-5|Any CPU.ActiveCfg = DVD-5
		{E7C13F89-4918-4F4C-9925-369F113FD457}.DVD-5|Any CPU.Build.0 = DVD-5
		{E7C13F89-4918-4F4C-9925-369F113FD457}.DVD-5|Mixed Platforms.ActiveCfg = DVD-5
		{E7C13F89-4918-4F4C-9925-369F113FD457}.DVD-5|Mixed Platforms.Build.0 = DVD-5
		{E7C13F89-4918-4F4C-9925-369F113FD457}.DVD-5|Win32.ActiveCfg = DVD-5
		{E7C13F89-4918-4F4C-9925-369F113FD457}.DVD-5|Win32.Build.0 = DVD-5
		{E7C13F89-4918-4F4C-9925-369F113FD457}.Release|Any CPU.ActiveCfg = SingleImage
		{E7C13F89-4918-4F4C-9925-369F113FD457}.Release|Any CPU.Build.0 = SingleImage
		{E7C13F89-4918-4F4C-9925-369F113FD457}.Release|Mixed Platforms.ActiveCfg = SingleImage
		{E7C13F89-4918-4F4C-9925-369F113FD457}.Release|Mixed Platforms.Build.0 = SingleImage
		{E7C13F89-4918-4F4C-9925-369F113FD457}.Release|Win32.ActiveCfg = SingleImage
		{E7C13F89-4918-4F4C-9925-369F113FD457}.Release|Win32.Build.0 = SingleImage
		{E7C13F89-4918-4F4C-9925-369F113FD457}.SingleImage|Any CPU.ActiveCfg = SingleImage
		{E7C13F89-4918-4F4C-9925-369F113FD457}.SingleImage|Any CPU.Build.0 = SingleImage
		{E7C13F89-4918-4F4C-9925-369F113FD457}.SingleImage|Mixed Platforms.ActiveCfg = SingleImage
		{E7C13F89-4918-4F4C-9925-369F113FD457}.SingleImage|Mixed Platforms.Build.0 = SingleImage
		{E7C13F89-4918-4F4C-9925-369F113FD457}.SingleImage|Win32.ActiveCfg = SingleImage
		{E7C13F89-4918-4F4C-9925-369F113FD457}.SingleImage|Win32.Build.0 = SingleImage
	EndGlobalSection
	GlobalSection(SolutionProperties) = preSolution
		HideSolutionNode = FALSE
	EndGlobalSection
EndGlobal
